
Microsoft Visual Studio Solution File, Format Version 12.00
# Visual Studio Version 16
VisualStudioVersion = 16.0.30104.148
MinimumVisualStudioVersion = 10.0.40219.1
Project("{FAE04EC0-301F-11D3-BF4B-00C04F79EFBC}") = "ToDo", "ToDo.csproj", "{EFC777FC-47AC-46F2-BAB8-566B9818CDF6}"
EndProject
Global
	GlobalSection(SolutionConfigurationPlatforms) = preSolution
		Debug|Any CPU = Debug|Any CPU
		Release|Any CPU = Release|Any CPU
	EndGlobalSection
	GlobalSection(ProjectConfigurationPlatforms) = postSolution
		{EFC777FC-47AC-46F2-BAB8-566B9818CDF6}.Debug|Any CPU.ActiveCfg = Debug|Any CPU
		{EFC777FC-47AC-46F2-BAB8-566B9818CDF6}.Debug|Any CPU.Build.0 = Debug|Any CPU
		{EFC777FC-47AC-46F2-BAB8-566B9818CDF6}.Release|Any CPU.ActiveCfg = Release|Any CPU
		{EFC777FC-47AC-46F2-BAB8-566B9818CDF6}.Release|Any CPU.Build.0 = Release|Any CPU
	EndGlobalSection
	GlobalSection(SolutionProperties) = preSolution
		HideSolutionNode = FALSE
	EndGlobalSection
	GlobalSection(ExtensibilityGlobals) = postSolution
		SolutionGuid = {223D59D4-8EC6-4774-B633-2F93AA306DAF}
	EndGlobalSection
EndGlobal
